
Microsoft Visual Studio Solution File, Format Version 12.00
# Visual Studio Version 17
VisualStudioVersion = 17.9.34622.214
MinimumVisualStudioVersion = 10.0.40219.1
Project("{FAE04EC0-301F-11D3-BF4B-00C04F79EFBC}") = "Restaurant", "Restaurant\Restaurant.csproj", "{24698BBA-1743-4413-AB08-C71ED501DCB3}"
EndProject
Project("{FAE04EC0-301F-11D3-BF4B-00C04F79EFBC}") = "Delivery", "Delivery\Delivery.csproj", "{81170270-8095-4D3B-83C5-5465B14CF77A}"
EndProject
Global
	GlobalSection(SolutionConfigurationPlatforms) = preSolution
		Debug|Any CPU = Debug|Any CPU
		Release|Any CPU = Release|Any CPU
	EndGlobalSection
	GlobalSection(ProjectConfigurationPlatforms) = postSolution
		{24698BBA-1743-4413-AB08-C71ED501DCB3}.Debug|Any CPU.ActiveCfg = Debug|Any CPU
		{24698BBA-1743-4413-AB08-C71ED501DCB3}.Debug|Any CPU.Build.0 = Debug|Any CPU
		{24698BBA-1743-4413-AB08-C71ED501DCB3}.Release|Any CPU.ActiveCfg = Release|Any CPU
		{24698BBA-1743-4413-AB08-C71ED501DCB3}.Release|Any CPU.Build.0 = Release|Any CPU
		{81170270-8095-4D3B-83C5-5465B14CF77A}.Debug|Any CPU.ActiveCfg = Debug|Any CPU
		{81170270-8095-4D3B-83C5-5465B14CF77A}.Debug|Any CPU.Build.0 = Debug|Any CPU
		{81170270-8095-4D3B-83C5-5465B14CF77A}.Release|Any CPU.ActiveCfg = Release|Any CPU
		{81170270-8095-4D3B-83C5-5465B14CF77A}.Release|Any CPU.Build.0 = Release|Any CPU
	EndGlobalSection
	GlobalSection(SolutionProperties) = preSolution
		HideSolutionNode = FALSE
	EndGlobalSection
	GlobalSection(ExtensibilityGlobals) = postSolution
		SolutionGuid = {416A9FF3-82C2-4E90-92A0-17F3582545EA}
	EndGlobalSection
EndGlobal
